
Microsoft Visual Studio Solution File, Format Version 12.00
# Visual Studio Version 17
VisualStudioVersion = 17.6.33723.286
MinimumVisualStudioVersion = 10.0.40219.1
Project("{2150E333-8FDC-42A3-9474-1A3956D46DE8}") = "Services", "Services", "{852C8B45-FEA3-49F3-AB66-36C9E5989153}"
EndProject
Project("{2150E333-8FDC-42A3-9474-1A3956D46DE8}") = "Catalog", "Catalog", "{47AB6EA7-D470-46D9-9C46-7CA42C0F9898}"
EndProject
Project("{9A19103F-16F7-4668-BE54-9A1E7A4F7556}") = "Microservices.Services.Catalog.WebAPI", "Services\Catalog\Microservices.Services.Catalog.WebAPI\Microservices.Services.Catalog.WebAPI.csproj", "{B7FFB51D-311D-4A5D-96AA-EC2E8E24C7B4}"
EndProject
Project("{2150E333-8FDC-42A3-9474-1A3956D46DE8}") = "Solution Items", "Solution Items", "{B519417C-BAD6-4130-9C50-6CD823A693EC}"
	ProjectSection(SolutionItems) = preProject
		Ports.txt = Ports.txt
	EndProjectSection
EndProject
Project("{2150E333-8FDC-42A3-9474-1A3956D46DE8}") = "Shared", "Shared", "{50A8FFE7-3253-434E-B9A9-604F0A1F5CE8}"
EndProject
Project("{9A19103F-16F7-4668-BE54-9A1E7A4F7556}") = "Microservices.Shared", "Shared\Microservices.Shared\Microservices.Shared.csproj", "{CDC1FD0C-3E2B-4655-BF06-453B5FD66129}"
EndProject
Project("{2150E333-8FDC-42A3-9474-1A3956D46DE8}") = "IdentityServer", "IdentityServer", "{DD11FD25-C2BE-45F8-9E33-E09BCE30F6D8}"
EndProject
Project("{9A19103F-16F7-4668-BE54-9A1E7A4F7556}") = "Microservices.IdentityServer", "IdentityServer\Microservices.IdentityServer\Microservices.IdentityServer.csproj", "{CB60F8F6-DC8E-4BCF-BB69-96CBA1022006}"
EndProject
Project("{2150E333-8FDC-42A3-9474-1A3956D46DE8}") = "PhotoStock", "PhotoStock", "{19D44065-4389-4ABF-9C2B-319AC6F65874}"
EndProject
Project("{9A19103F-16F7-4668-BE54-9A1E7A4F7556}") = "Microservices.Services.PhotoStock.WebAPI", "Services\PhotoStock\Microservices.Services.PhotoStock.WebAPI\Microservices.Services.PhotoStock.WebAPI.csproj", "{18977F1D-C7DC-4979-B190-850957991AED}"
EndProject
Project("{2150E333-8FDC-42A3-9474-1A3956D46DE8}") = "Basket", "Basket", "{12111F2D-B4A4-4F6E-A6D8-8534C6B815F3}"
EndProject
Project("{9A19103F-16F7-4668-BE54-9A1E7A4F7556}") = "Microservices.Services.Basket.WebAPI", "Services\Basket\Microservices.Services.Basket.WebAPI\Microservices.Services.Basket.WebAPI.csproj", "{D63B8862-4C6C-48E9-8D1E-AD0FAE479357}"
EndProject
Project("{2150E333-8FDC-42A3-9474-1A3956D46DE8}") = "Discount", "Discount", "{170B35FE-8291-412B-B63C-480586B40CFE}"
EndProject
Project("{9A19103F-16F7-4668-BE54-9A1E7A4F7556}") = "Microservices.Services.Discount.WebAPI", "Services\Discount\Microservices.Services.Discount.WebAPI\Microservices.Services.Discount.WebAPI.csproj", "{03FC9012-BD91-4923-BE72-B46BA615A4C9}"
EndProject
Project("{2150E333-8FDC-42A3-9474-1A3956D46DE8}") = "Order", "Order", "{BBF2D424-7AE3-498F-A7D9-27B715FC656D}"
EndProject
Project("{9A19103F-16F7-4668-BE54-9A1E7A4F7556}") = "Microservices.Services.Order.WebAPI", "Services\Order\Microservices.Services.Order.WebAPI\Microservices.Services.Order.WebAPI.csproj", "{2E3E2A4A-B77E-4122-A21E-6AC0299AE014}"
EndProject
Project("{9A19103F-16F7-4668-BE54-9A1E7A4F7556}") = "Microservices.Services.Order.Application", "Services\Order\Microservices.Services.Order.Application\Microservices.Services.Order.Application.csproj", "{AB87CC4B-F987-43E4-998F-58B255C87E8A}"
EndProject
Project("{9A19103F-16F7-4668-BE54-9A1E7A4F7556}") = "Microservices.Services.Order.Domain", "Services\Order\Microservices.Services.Order.Domain\Microservices.Services.Order.Domain.csproj", "{62FE2C62-FED1-4312-96F6-41AF2C93CFA8}"
EndProject
Project("{9A19103F-16F7-4668-BE54-9A1E7A4F7556}") = "Microservices.Services.Order.Domain.Core", "Services\Order\Microservices.Services.Order.Domain.Core\Microservices.Services.Order.Domain.Core.csproj", "{4CDA2856-341C-4657-8B50-5F65CD200DD2}"
EndProject
Project("{9A19103F-16F7-4668-BE54-9A1E7A4F7556}") = "Microservices.Services.Order.Infrastructure", "Services\Order\Microservices.Services.Order.Infrastructure\Microservices.Services.Order.Infrastructure.csproj", "{548EDCAC-3000-44E5-BCF5-7A619E2B78C2}"
EndProject
Project("{2150E333-8FDC-42A3-9474-1A3956D46DE8}") = "Payment", "Payment", "{04385C65-BD5D-4DA6-ADDF-CD16AB4771D6}"
EndProject
Project("{9A19103F-16F7-4668-BE54-9A1E7A4F7556}") = "Microservices.Services.Payment.WebAPI", "Services\Payment\Microservices.Services.Payment.WebAPI\Microservices.Services.Payment.WebAPI.csproj", "{FF3FD459-25BC-4D94-9A72-5BF0F0ABDC7D}"
EndProject
Project("{2150E333-8FDC-42A3-9474-1A3956D46DE8}") = "Gateways", "Gateways", "{42BE2FFC-6AD5-4956-A97E-5D5D420DBA49}"
EndProject
Project("{9A19103F-16F7-4668-BE54-9A1E7A4F7556}") = "Microservices.Gateways.Web", "Gateways\Microservices.Gateways.Web\Microservices.Gateways.Web.csproj", "{71A86A18-399B-4FFF-A4A5-D459A93B5DCB}"
EndProject
Project("{2150E333-8FDC-42A3-9474-1A3956D46DE8}") = "Client", "Client", "{643B37B0-CC59-4EBD-A94F-8B8AAC5AB538}"
EndProject
Project("{FAE04EC0-301F-11D3-BF4B-00C04F79EFBC}") = "Webservices.Client.Web", "Client\Webservices.Client.Web\Webservices.Client.Web.csproj", "{97E5E25F-C9D2-40D6-83D1-FF6FCA862E29}"
EndProject
Global
	GlobalSection(SolutionConfigurationPlatforms) = preSolution
		Debug|Any CPU = Debug|Any CPU
		Release|Any CPU = Release|Any CPU
	EndGlobalSection
	GlobalSection(ProjectConfigurationPlatforms) = postSolution
		{B7FFB51D-311D-4A5D-96AA-EC2E8E24C7B4}.Debug|Any CPU.ActiveCfg = Debug|Any CPU
		{B7FFB51D-311D-4A5D-96AA-EC2E8E24C7B4}.Debug|Any CPU.Build.0 = Debug|Any CPU
		{B7FFB51D-311D-4A5D-96AA-EC2E8E24C7B4}.Release|Any CPU.ActiveCfg = Release|Any CPU
		{B7FFB51D-311D-4A5D-96AA-EC2E8E24C7B4}.Release|Any CPU.Build.0 = Release|Any CPU
		{CDC1FD0C-3E2B-4655-BF06-453B5FD66129}.Debug|Any CPU.ActiveCfg = Debug|Any CPU
		{CDC1FD0C-3E2B-4655-BF06-453B5FD66129}.Debug|Any CPU.Build.0 = Debug|Any CPU
		{CDC1FD0C-3E2B-4655-BF06-453B5FD66129}.Release|Any CPU.ActiveCfg = Release|Any CPU
		{CDC1FD0C-3E2B-4655-BF06-453B5FD66129}.Release|Any CPU.Build.0 = Release|Any CPU
		{CB60F8F6-DC8E-4BCF-BB69-96CBA1022006}.Debug|Any CPU.ActiveCfg = Debug|Any CPU
		{CB60F8F6-DC8E-4BCF-BB69-96CBA1022006}.Debug|Any CPU.Build.0 = Debug|Any CPU
		{CB60F8F6-DC8E-4BCF-BB69-96CBA1022006}.Release|Any CPU.ActiveCfg = Release|Any CPU
		{CB60F8F6-DC8E-4BCF-BB69-96CBA1022006}.Release|Any CPU.Build.0 = Release|Any CPU
		{18977F1D-C7DC-4979-B190-850957991AED}.Debug|Any CPU.ActiveCfg = Debug|Any CPU
		{18977F1D-C7DC-4979-B190-850957991AED}.Debug|Any CPU.Build.0 = Debug|Any CPU
		{18977F1D-C7DC-4979-B190-850957991AED}.Release|Any CPU.ActiveCfg = Release|Any CPU
		{18977F1D-C7DC-4979-B190-850957991AED}.Release|Any CPU.Build.0 = Release|Any CPU
		{D63B8862-4C6C-48E9-8D1E-AD0FAE479357}.Debug|Any CPU.ActiveCfg = Debug|Any CPU
		{D63B8862-4C6C-48E9-8D1E-AD0FAE479357}.Debug|Any CPU.Build.0 = Debug|Any CPU
		{D63B8862-4C6C-48E9-8D1E-AD0FAE479357}.Release|Any CPU.ActiveCfg = Release|Any CPU
		{D63B8862-4C6C-48E9-8D1E-AD0FAE479357}.Release|Any CPU.Build.0 = Release|Any CPU
		{03FC9012-BD91-4923-BE72-B46BA615A4C9}.Debug|Any CPU.ActiveCfg = Debug|Any CPU
		{03FC9012-BD91-4923-BE72-B46BA615A4C9}.Debug|Any CPU.Build.0 = Debug|Any CPU
		{03FC9012-BD91-4923-BE72-B46BA615A4C9}.Release|Any CPU.ActiveCfg = Release|Any CPU
		{03FC9012-BD91-4923-BE72-B46BA615A4C9}.Release|Any CPU.Build.0 = Release|Any CPU
		{2E3E2A4A-B77E-4122-A21E-6AC0299AE014}.Debug|Any CPU.ActiveCfg = Debug|Any CPU
		{2E3E2A4A-B77E-4122-A21E-6AC0299AE014}.Debug|Any CPU.Build.0 = Debug|Any CPU
		{2E3E2A4A-B77E-4122-A21E-6AC0299AE014}.Release|Any CPU.ActiveCfg = Release|Any CPU
		{2E3E2A4A-B77E-4122-A21E-6AC0299AE014}.Release|Any CPU.Build.0 = Release|Any CPU
		{AB87CC4B-F987-43E4-998F-58B255C87E8A}.Debug|Any CPU.ActiveCfg = Debug|Any CPU
		{AB87CC4B-F987-43E4-998F-58B255C87E8A}.Debug|Any CPU.Build.0 = Debug|Any CPU
		{AB87CC4B-F987-43E4-998F-58B255C87E8A}.Release|Any CPU.ActiveCfg = Release|Any CPU
		{AB87CC4B-F987-43E4-998F-58B255C87E8A}.Release|Any CPU.Build.0 = Release|Any CPU
		{62FE2C62-FED1-4312-96F6-41AF2C93CFA8}.Debug|Any CPU.ActiveCfg = Debug|Any CPU
		{62FE2C62-FED1-4312-96F6-41AF2C93CFA8}.Debug|Any CPU.Build.0 = Debug|Any CPU
		{62FE2C62-FED1-4312-96F6-41AF2C93CFA8}.Release|Any CPU.ActiveCfg = Release|Any CPU
		{62FE2C62-FED1-4312-96F6-41AF2C93CFA8}.Release|Any CPU.Build.0 = Release|Any CPU
		{4CDA2856-341C-4657-8B50-5F65CD200DD2}.Debug|Any CPU.ActiveCfg = Debug|Any CPU
		{4CDA2856-341C-4657-8B50-5F65CD200DD2}.Debug|Any CPU.Build.0 = Debug|Any CPU
		{4CDA2856-341C-4657-8B50-5F65CD200DD2}.Release|Any CPU.ActiveCfg = Release|Any CPU
		{4CDA2856-341C-4657-8B50-5F65CD200DD2}.Release|Any CPU.Build.0 = Release|Any CPU
		{548EDCAC-3000-44E5-BCF5-7A619E2B78C2}.Debug|Any CPU.ActiveCfg = Debug|Any CPU
		{548EDCAC-3000-44E5-BCF5-7A619E2B78C2}.Debug|Any CPU.Build.0 = Debug|Any CPU
		{548EDCAC-3000-44E5-BCF5-7A619E2B78C2}.Release|Any CPU.ActiveCfg = Release|Any CPU
		{548EDCAC-3000-44E5-BCF5-7A619E2B78C2}.Release|Any CPU.Build.0 = Release|Any CPU
		{FF3FD459-25BC-4D94-9A72-5BF0F0ABDC7D}.Debug|Any CPU.ActiveCfg = Debug|Any CPU
		{FF3FD459-25BC-4D94-9A72-5BF0F0ABDC7D}.Debug|Any CPU.Build.0 = Debug|Any CPU
		{FF3FD459-25BC-4D94-9A72-5BF0F0ABDC7D}.Release|Any CPU.ActiveCfg = Release|Any CPU
		{FF3FD459-25BC-4D94-9A72-5BF0F0ABDC7D}.Release|Any CPU.Build.0 = Release|Any CPU
		{71A86A18-399B-4FFF-A4A5-D459A93B5DCB}.Debug|Any CPU.ActiveCfg = Debug|Any CPU
		{71A86A18-399B-4FFF-A4A5-D459A93B5DCB}.Debug|Any CPU.Build.0 = Debug|Any CPU
		{71A86A18-399B-4FFF-A4A5-D459A93B5DCB}.Release|Any CPU.ActiveCfg = Release|Any CPU
		{71A86A18-399B-4FFF-A4A5-D459A93B5DCB}.Release|Any CPU.Build.0 = Release|Any CPU
		{97E5E25F-C9D2-40D6-83D1-FF6FCA862E29}.Debug|Any CPU.ActiveCfg = Debug|Any CPU
		{97E5E25F-C9D2-40D6-83D1-FF6FCA862E29}.Debug|Any CPU.Build.0 = Debug|Any CPU
		{97E5E25F-C9D2-40D6-83D1-FF6FCA862E29}.Release|Any CPU.ActiveCfg = Release|Any CPU
		{97E5E25F-C9D2-40D6-83D1-FF6FCA862E29}.Release|Any CPU.Build.0 = Release|Any CPU
	EndGlobalSection
	GlobalSection(SolutionProperties) = preSolution
		HideSolutionNode = FALSE
	EndGlobalSection
	GlobalSection(NestedProjects) = preSolution
		{47AB6EA7-D470-46D9-9C46-7CA42C0F9898} = {852C8B45-FEA3-49F3-AB66-36C9E5989153}
		{B7FFB51D-311D-4A5D-96AA-EC2E8E24C7B4} = {47AB6EA7-D470-46D9-9C46-7CA42C0F9898}
		{CDC1FD0C-3E2B-4655-BF06-453B5FD66129} = {50A8FFE7-3253-434E-B9A9-604F0A1F5CE8}
		{CB60F8F6-DC8E-4BCF-BB69-96CBA1022006} = {DD11FD25-C2BE-45F8-9E33-E09BCE30F6D8}
		{19D44065-4389-4ABF-9C2B-319AC6F65874} = {852C8B45-FEA3-49F3-AB66-36C9E5989153}
		{18977F1D-C7DC-4979-B190-850957991AED} = {19D44065-4389-4ABF-9C2B-319AC6F65874}
		{12111F2D-B4A4-4F6E-A6D8-8534C6B815F3} = {852C8B45-FEA3-49F3-AB66-36C9E5989153}
		{D63B8862-4C6C-48E9-8D1E-AD0FAE479357} = {12111F2D-B4A4-4F6E-A6D8-8534C6B815F3}
		{170B35FE-8291-412B-B63C-480586B40CFE} = {852C8B45-FEA3-49F3-AB66-36C9E5989153}
		{03FC9012-BD91-4923-BE72-B46BA615A4C9} = {170B35FE-8291-412B-B63C-480586B40CFE}
		{BBF2D424-7AE3-498F-A7D9-27B715FC656D} = {852C8B45-FEA3-49F3-AB66-36C9E5989153}
		{2E3E2A4A-B77E-4122-A21E-6AC0299AE014} = {BBF2D424-7AE3-498F-A7D9-27B715FC656D}
		{AB87CC4B-F987-43E4-998F-58B255C87E8A} = {BBF2D424-7AE3-498F-A7D9-27B715FC656D}
		{62FE2C62-FED1-4312-96F6-41AF2C93CFA8} = {BBF2D424-7AE3-498F-A7D9-27B715FC656D}
		{4CDA2856-341C-4657-8B50-5F65CD200DD2} = {BBF2D424-7AE3-498F-A7D9-27B715FC656D}
		{548EDCAC-3000-44E5-BCF5-7A619E2B78C2} = {BBF2D424-7AE3-498F-A7D9-27B715FC656D}
		{04385C65-BD5D-4DA6-ADDF-CD16AB4771D6} = {852C8B45-FEA3-49F3-AB66-36C9E5989153}
		{FF3FD459-25BC-4D94-9A72-5BF0F0ABDC7D} = {04385C65-BD5D-4DA6-ADDF-CD16AB4771D6}
		{71A86A18-399B-4FFF-A4A5-D459A93B5DCB} = {42BE2FFC-6AD5-4956-A97E-5D5D420DBA49}
		{97E5E25F-C9D2-40D6-83D1-FF6FCA862E29} = {643B37B0-CC59-4EBD-A94F-8B8AAC5AB538}
	EndGlobalSection
	GlobalSection(ExtensibilityGlobals) = postSolution
		SolutionGuid = {2929D48F-F06A-4C76-86F9-FBBB67810149}
	EndGlobalSection
EndGlobal
